
Microsoft Visual Studio Solution File, Format Version 12.00
# Visual Studio 15
VisualStudioVersion = 15.0.28010.2003
MinimumVisualStudioVersion = 10.0.40219.1
Project("{FAE04EC0-301F-11D3-BF4B-00C04F79EFBC}") = "ForNexus", "ForNexus\ForNexus.csproj", "{43F0F990-0923-469B-AFCF-751775C35E3F}"
EndProject
Project("{FAE04EC0-301F-11D3-BF4B-00C04F79EFBC}") = "WpfApp1", "WpfApp1\WpfApp1.csproj", "{A1D99524-0F6C-49EF-BE78-710F892F12AF}"
EndProject
Project("{FAE04EC0-301F-11D3-BF4B-00C04F79EFBC}") = "ClassLibrary1", "ClassLibrary1\ClassLibrary1.csproj", "{8E5DC603-5147-4CA5-9CB0-6A5B309C6005}"
EndProject
Project("{FAE04EC0-301F-11D3-BF4B-00C04F79EFBC}") = "ClassLibrary2", "ClassLibrary2\ClassLibrary2.csproj", "{34588159-5D9F-4B73-BB41-027972E8463D}"
EndProject
Global
	GlobalSection(SolutionConfigurationPlatforms) = preSolution
		Debug|Any CPU = Debug|Any CPU
		Release|Any CPU = Release|Any CPU
	EndGlobalSection
	GlobalSection(ProjectConfigurationPlatforms) = postSolution
		{43F0F990-0923-469B-AFCF-751775C35E3F}.Debug|Any CPU.ActiveCfg = Debug|Any CPU
		{43F0F990-0923-469B-AFCF-751775C35E3F}.Debug|Any CPU.Build.0 = Debug|Any CPU
		{43F0F990-0923-469B-AFCF-751775C35E3F}.Release|Any CPU.ActiveCfg = Release|Any CPU
		{43F0F990-0923-469B-AFCF-751775C35E3F}.Release|Any CPU.Build.0 = Release|Any CPU
		{A1D99524-0F6C-49EF-BE78-710F892F12AF}.Debug|Any CPU.ActiveCfg = Debug|Any CPU
		{A1D99524-0F6C-49EF-BE78-710F892F12AF}.Debug|Any CPU.Build.0 = Debug|Any CPU
		{A1D99524-0F6C-49EF-BE78-710F892F12AF}.Release|Any CPU.ActiveCfg = Release|Any CPU
		{A1D99524-0F6C-49EF-BE78-710F892F12AF}.Release|Any CPU.Build.0 = Release|Any CPU
		{8E5DC603-5147-4CA5-9CB0-6A5B309C6005}.Debug|Any CPU.ActiveCfg = Debug|Any CPU
		{8E5DC603-5147-4CA5-9CB0-6A5B309C6005}.Debug|Any CPU.Build.0 = Debug|Any CPU
		{8E5DC603-5147-4CA5-9CB0-6A5B309C6005}.Release|Any CPU.ActiveCfg = Release|Any CPU
		{8E5DC603-5147-4CA5-9CB0-6A5B309C6005}.Release|Any CPU.Build.0 = Release|Any CPU
		{34588159-5D9F-4B73-BB41-027972E8463D}.Debug|Any CPU.ActiveCfg = Debug|Any CPU
		{34588159-5D9F-4B73-BB41-027972E8463D}.Debug|Any CPU.Build.0 = Debug|Any CPU
		{34588159-5D9F-4B73-BB41-027972E8463D}.Release|Any CPU.ActiveCfg = Release|Any CPU
		{34588159-5D9F-4B73-BB41-027972E8463D}.Release|Any CPU.Build.0 = Release|Any CPU
	EndGlobalSection
	GlobalSection(SolutionProperties) = preSolution
		HideSolutionNode = FALSE
	EndGlobalSection
	GlobalSection(ExtensibilityGlobals) = postSolution
		SolutionGuid = {211E71E6-AA9A-4FD8-8859-A760BB4D0CA9}
	EndGlobalSection
EndGlobal
